
Microsoft Visual Studio Solution File, Format Version 12.00
# Visual Studio 15
Project("{FAE04EC0-301F-11D3-BF4B-00C04F79EFBC}") = "Assembly-CSharp", "Assembly-CSharp.csproj", "{BA521436-EAFD-902D-5DD5-A9CEC1BB7B15}"
EndProject
Project("{FAE04EC0-301F-11D3-BF4B-00C04F79EFBC}") = "Assembly-CSharp-Editor", "Assembly-CSharp-Editor.csproj", "{30BB741E-8A93-6419-6318-6E8B611A53F8}"
EndProject
Global
	GlobalSection(SolutionConfigurationPlatforms) = preSolution
		Debug|Any CPU = Debug|Any CPU
		Release|Any CPU = Release|Any CPU
	EndGlobalSection
	GlobalSection(ProjectConfigurationPlatforms) = postSolution
		{BA521436-EAFD-902D-5DD5-A9CEC1BB7B15}.Debug|Any CPU.ActiveCfg = Debug|Any CPU
		{BA521436-EAFD-902D-5DD5-A9CEC1BB7B15}.Debug|Any CPU.Build.0 = Debug|Any CPU
		{BA521436-EAFD-902D-5DD5-A9CEC1BB7B15}.Release|Any CPU.ActiveCfg = Release|Any CPU
		{BA521436-EAFD-902D-5DD5-A9CEC1BB7B15}.Release|Any CPU.Build.0 = Release|Any CPU
		{30BB741E-8A93-6419-6318-6E8B611A53F8}.Debug|Any CPU.ActiveCfg = Debug|Any CPU
		{30BB741E-8A93-6419-6318-6E8B611A53F8}.Debug|Any CPU.Build.0 = Debug|Any CPU
		{30BB741E-8A93-6419-6318-6E8B611A53F8}.Release|Any CPU.ActiveCfg = Release|Any CPU
		{30BB741E-8A93-6419-6318-6E8B611A53F8}.Release|Any CPU.Build.0 = Release|Any CPU
	EndGlobalSection
	GlobalSection(SolutionProperties) = preSolution
		HideSolutionNode = FALSE
	EndGlobalSection
EndGlobal
